// !$*UTF8*$!
{
	archiveVersion = 1;
	classes = {
	};
	objectVersion = 50;
	objects = {

/* Begin PBXBuildFile section */
		0A068638252D07D400F70298 /* Follower.swift in Sources */ = {isa = PBXBuildFile; fileRef = 0A068637252D07D400F70298 /* Follower.swift */; };
		0A06863A252D0A5100F70298 /* User.swift in Sources */ = {isa = PBXBuildFile; fileRef = 0A068639252D0A5100F70298 /* User.swift */; };
		0A0E3468252E18FA00BFE21D /* NetworkManager.swift in Sources */ = {isa = PBXBuildFile; fileRef = 0A0E3467252E18FA00BFE21D /* NetworkManager.swift */; };
		0A0E346B252E296100BFE21D /* ErrorMessage.swift in Sources */ = {isa = PBXBuildFile; fileRef = 0A0E346A252E296100BFE21D /* ErrorMessage.swift */; };
		0A0E346E252FF22200BFE21D /* FollowerCell.swift in Sources */ = {isa = PBXBuildFile; fileRef = 0A0E346D252FF22200BFE21D /* FollowerCell.swift */; };
		0A0E3470252FF37E00BFE21D /* GFAvatarImageView.swift in Sources */ = {isa = PBXBuildFile; fileRef = 0A0E346F252FF37E00BFE21D /* GFAvatarImageView.swift */; };
		0A3A80E324DB006700B9860B /* Default-568h@2x.png in Resources */ = {isa = PBXBuildFile; fileRef = 0A3A80E224DB006700B9860B /* Default-568h@2x.png */; };
		0A4B67E324C7FCC500BAD86A /* FollowerListVC.swift in Sources */ = {isa = PBXBuildFile; fileRef = 0A4B67E224C7FCC500BAD86A /* FollowerListVC.swift */; };
		0A4EF6D4257AD1E3009BBDE3 /* UIHelper.swift in Sources */ = {isa = PBXBuildFile; fileRef = 0A4EF6D3257AD1E3009BBDE3 /* UIHelper.swift */; };
		0AAA225024BE965800023B66 /* GFButton.swift in Sources */ = {isa = PBXBuildFile; fileRef = 0AAA224F24BE965800023B66 /* GFButton.swift */; };
		0AAA225224BE9AD000023B66 /* GFTextField.swift in Sources */ = {isa = PBXBuildFile; fileRef = 0AAA225124BE9AD000023B66 /* GFTextField.swift */; };
		0ABDCF0324CD17D500078C1C /* GFTextLabel.swift in Sources */ = {isa = PBXBuildFile; fileRef = 0ABDCF0224CD17D500078C1C /* GFTextLabel.swift */; };
		0ABDCF0524CD19F400078C1C /* GFBodyLabel.swift in Sources */ = {isa = PBXBuildFile; fileRef = 0ABDCF0424CD19F400078C1C /* GFBodyLabel.swift */; };
		0ABDCF0724CD1B4900078C1C /* GFAlertVC.swift in Sources */ = {isa = PBXBuildFile; fileRef = 0ABDCF0624CD1B4900078C1C /* GFAlertVC.swift */; };
		0ABDCF0924CD291200078C1C /* UIViewController+Ext.swift in Sources */ = {isa = PBXBuildFile; fileRef = 0ABDCF0824CD291200078C1C /* UIViewController+Ext.swift */; };
		0ADEF83E24BA5F5D00F8F46B /* AppDelegate.swift in Sources */ = {isa = PBXBuildFile; fileRef = 0ADEF83D24BA5F5D00F8F46B /* AppDelegate.swift */; };
		0ADEF84024BA5F5D00F8F46B /* SceneDelegate.swift in Sources */ = {isa = PBXBuildFile; fileRef = 0ADEF83F24BA5F5D00F8F46B /* SceneDelegate.swift */; };
		0ADEF84724BA5F6000F8F46B /* Assets.xcassets in Resources */ = {isa = PBXBuildFile; fileRef = 0ADEF84624BA5F6000F8F46B /* Assets.xcassets */; };
		0ADEF84A24BA5F6000F8F46B /* LaunchScreen.storyboard in Resources */ = {isa = PBXBuildFile; fileRef = 0ADEF84824BA5F6000F8F46B /* LaunchScreen.storyboard */; };
		0ADEF85524BA5F6100F8F46B /* GHFollowersTests.swift in Sources */ = {isa = PBXBuildFile; fileRef = 0ADEF85424BA5F6100F8F46B /* GHFollowersTests.swift */; };
		0ADEF86024BA5F6100F8F46B /* GHFollowersUITests.swift in Sources */ = {isa = PBXBuildFile; fileRef = 0ADEF85F24BA5F6100F8F46B /* GHFollowersUITests.swift */; };
		0ADEF86E24BA687200F8F46B /* SearchVC.swift in Sources */ = {isa = PBXBuildFile; fileRef = 0ADEF86D24BA687200F8F46B /* SearchVC.swift */; };
		0ADEF87024BA68D900F8F46B /* FavoritesListVC.swift in Sources */ = {isa = PBXBuildFile; fileRef = 0ADEF86F24BA68D900F8F46B /* FavoritesListVC.swift */; };
		57CA957018007EDA3E5609CB /* Pods_GHFollowers.framework in Frameworks */ = {isa = PBXBuildFile; fileRef = 4D5B98E23124881A54DA94BE /* Pods_GHFollowers.framework */; };
		91F6DB97519765BD92FB8378 /* Pods_GHFollowersTests.framework in Frameworks */ = {isa = PBXBuildFile; fileRef = B2FBD7018C463148151943BB /* Pods_GHFollowersTests.framework */; };
		E9B4160A936FE0047BA5F406 /* Pods_GHFollowers_GHFollowersUITests.framework in Frameworks */ = {isa = PBXBuildFile; fileRef = 2E211F0F5B6ED18D44056F0C /* Pods_GHFollowers_GHFollowersUITests.framework */; };
/* End PBXBuildFile section */

/* Begin PBXContainerItemProxy section */
		0ADEF85124BA5F6100F8F46B /* PBXContainerItemProxy */ = {
			isa = PBXContainerItemProxy;
			containerPortal = 0ADEF83224BA5F5D00F8F46B /* Project object */;
			proxyType = 1;
			remoteGlobalIDString = 0ADEF83924BA5F5D00F8F46B;
			remoteInfo = GHFollowers;
		};
		0ADEF85C24BA5F6100F8F46B /* PBXContainerItemProxy */ = {
			isa = PBXContainerItemProxy;
			containerPortal = 0ADEF83224BA5F5D00F8F46B /* Project object */;
			proxyType = 1;
			remoteGlobalIDString = 0ADEF83924BA5F5D00F8F46B;
			remoteInfo = GHFollowers;
		};
/* End PBXContainerItemProxy section */

/* Begin PBXFileReference section */
		05E204E4F2CE5E4FD5A54505 /* Pods-GHFollowers.release.xcconfig */ = {isa = PBXFileReference; includeInIndex = 1; lastKnownFileType = text.xcconfig; name = "Pods-GHFollowers.release.xcconfig"; path = "Target Support Files/Pods-GHFollowers/Pods-GHFollowers.release.xcconfig"; sourceTree = "<group>"; };
		0A068637252D07D400F70298 /* Follower.swift */ = {isa = PBXFileReference; lastKnownFileType = sourcecode.swift; path = Follower.swift; sourceTree = "<group>"; };
		0A068639252D0A5100F70298 /* User.swift */ = {isa = PBXFileReference; lastKnownFileType = sourcecode.swift; path = User.swift; sourceTree = "<group>"; };
		0A0E3467252E18FA00BFE21D /* NetworkManager.swift */ = {isa = PBXFileReference; lastKnownFileType = sourcecode.swift; path = NetworkManager.swift; sourceTree = "<group>"; };
		0A0E346A252E296100BFE21D /* ErrorMessage.swift */ = {isa = PBXFileReference; lastKnownFileType = sourcecode.swift; path = ErrorMessage.swift; sourceTree = "<group>"; };
		0A0E346D252FF22200BFE21D /* FollowerCell.swift */ = {isa = PBXFileReference; lastKnownFileType = sourcecode.swift; path = FollowerCell.swift; sourceTree = "<group>"; };
		0A0E346F252FF37E00BFE21D /* GFAvatarImageView.swift */ = {isa = PBXFileReference; lastKnownFileType = sourcecode.swift; path = GFAvatarImageView.swift; sourceTree = "<group>"; };
		0A3A80E224DB006700B9860B /* Default-568h@2x.png */ = {isa = PBXFileReference; lastKnownFileType = image.png; path = "Default-568h@2x.png"; sourceTree = "<group>"; };
		0A4B67E224C7FCC500BAD86A /* FollowerListVC.swift */ = {isa = PBXFileReference; lastKnownFileType = sourcecode.swift; path = FollowerListVC.swift; sourceTree = "<group>"; };
		0A4EF6D3257AD1E3009BBDE3 /* UIHelper.swift */ = {isa = PBXFileReference; lastKnownFileType = sourcecode.swift; path = UIHelper.swift; sourceTree = "<group>"; };
		0AAA224F24BE965800023B66 /* GFButton.swift */ = {isa = PBXFileReference; lastKnownFileType = sourcecode.swift; path = GFButton.swift; sourceTree = "<group>"; };
		0AAA225124BE9AD000023B66 /* GFTextField.swift */ = {isa = PBXFileReference; lastKnownFileType = sourcecode.swift; path = GFTextField.swift; sourceTree = "<group>"; };
		0ABDCF0224CD17D500078C1C /* GFTextLabel.swift */ = {isa = PBXFileReference; lastKnownFileType = sourcecode.swift; path = GFTextLabel.swift; sourceTree = "<group>"; };
		0ABDCF0424CD19F400078C1C /* GFBodyLabel.swift */ = {isa = PBXFileReference; lastKnownFileType = sourcecode.swift; path = GFBodyLabel.swift; sourceTree = "<group>"; };
		0ABDCF0624CD1B4900078C1C /* GFAlertVC.swift */ = {isa = PBXFileReference; lastKnownFileType = sourcecode.swift; path = GFAlertVC.swift; sourceTree = "<group>"; };
		0ABDCF0824CD291200078C1C /* UIViewController+Ext.swift */ = {isa = PBXFileReference; lastKnownFileType = sourcecode.swift; path = "UIViewController+Ext.swift"; sourceTree = "<group>"; };
		0ADEF83A24BA5F5D00F8F46B /* GHFollowers.app */ = {isa = PBXFileReference; explicitFileType = wrapper.application; includeInIndex = 0; path = GHFollowers.app; sourceTree = BUILT_PRODUCTS_DIR; };
		0ADEF83D24BA5F5D00F8F46B /* AppDelegate.swift */ = {isa = PBXFileReference; lastKnownFileType = sourcecode.swift; path = AppDelegate.swift; sourceTree = "<group>"; };
		0ADEF83F24BA5F5D00F8F46B /* SceneDelegate.swift */ = {isa = PBXFileReference; lastKnownFileType = sourcecode.swift; path = SceneDelegate.swift; sourceTree = "<group>"; };
		0ADEF84624BA5F6000F8F46B /* Assets.xcassets */ = {isa = PBXFileReference; lastKnownFileType = folder.assetcatalog; path = Assets.xcassets; sourceTree = "<group>"; };
		0ADEF84924BA5F6000F8F46B /* Base */ = {isa = PBXFileReference; lastKnownFileType = file.storyboard; name = Base; path = Base.lproj/LaunchScreen.storyboard; sourceTree = "<group>"; };
		0ADEF84B24BA5F6000F8F46B /* Info.plist */ = {isa = PBXFileReference; lastKnownFileType = text.plist.xml; path = Info.plist; sourceTree = "<group>"; };
		0ADEF85024BA5F6100F8F46B /* GHFollowersTests.xctest */ = {isa = PBXFileReference; explicitFileType = wrapper.cfbundle; includeInIndex = 0; path = GHFollowersTests.xctest; sourceTree = BUILT_PRODUCTS_DIR; };
		0ADEF85424BA5F6100F8F46B /* GHFollowersTests.swift */ = {isa = PBXFileReference; lastKnownFileType = sourcecode.swift; path = GHFollowersTests.swift; sourceTree = "<group>"; };
		0ADEF85624BA5F6100F8F46B /* Info.plist */ = {isa = PBXFileReference; lastKnownFileType = text.plist.xml; path = Info.plist; sourceTree = "<group>"; };
		0ADEF85B24BA5F6100F8F46B /* GHFollowersUITests.xctest */ = {isa = PBXFileReference; explicitFileType = wrapper.cfbundle; includeInIndex = 0; path = GHFollowersUITests.xctest; sourceTree = BUILT_PRODUCTS_DIR; };
		0ADEF85F24BA5F6100F8F46B /* GHFollowersUITests.swift */ = {isa = PBXFileReference; lastKnownFileType = sourcecode.swift; path = GHFollowersUITests.swift; sourceTree = "<group>"; };
		0ADEF86124BA5F6100F8F46B /* Info.plist */ = {isa = PBXFileReference; lastKnownFileType = text.plist.xml; path = Info.plist; sourceTree = "<group>"; };
		0ADEF86D24BA687200F8F46B /* SearchVC.swift */ = {isa = PBXFileReference; lastKnownFileType = sourcecode.swift; path = SearchVC.swift; sourceTree = "<group>"; };
		0ADEF86F24BA68D900F8F46B /* FavoritesListVC.swift */ = {isa = PBXFileReference; lastKnownFileType = sourcecode.swift; path = FavoritesListVC.swift; sourceTree = "<group>"; };
		281F0DB3104FF7938C204E0F /* Pods-GHFollowers.debug.xcconfig */ = {isa = PBXFileReference; includeInIndex = 1; lastKnownFileType = text.xcconfig; name = "Pods-GHFollowers.debug.xcconfig"; path = "Target Support Files/Pods-GHFollowers/Pods-GHFollowers.debug.xcconfig"; sourceTree = "<group>"; };
		2BCA38F256CEB2CDF7D2ACB2 /* Pods-GHFollowersTests.debug.xcconfig */ = {isa = PBXFileReference; includeInIndex = 1; lastKnownFileType = text.xcconfig; name = "Pods-GHFollowersTests.debug.xcconfig"; path = "Target Support Files/Pods-GHFollowersTests/Pods-GHFollowersTests.debug.xcconfig"; sourceTree = "<group>"; };
		2E211F0F5B6ED18D44056F0C /* Pods_GHFollowers_GHFollowersUITests.framework */ = {isa = PBXFileReference; explicitFileType = wrapper.framework; includeInIndex = 0; path = Pods_GHFollowers_GHFollowersUITests.framework; sourceTree = BUILT_PRODUCTS_DIR; };
		4D5B98E23124881A54DA94BE /* Pods_GHFollowers.framework */ = {isa = PBXFileReference; explicitFileType = wrapper.framework; includeInIndex = 0; path = Pods_GHFollowers.framework; sourceTree = BUILT_PRODUCTS_DIR; };
		839C8A4D13F4FD96E50BA333 /* Pods-GHFollowers-GHFollowersUITests.debug.xcconfig */ = {isa = PBXFileReference; includeInIndex = 1; lastKnownFileType = text.xcconfig; name = "Pods-GHFollowers-GHFollowersUITests.debug.xcconfig"; path = "Target Support Files/Pods-GHFollowers-GHFollowersUITests/Pods-GHFollowers-GHFollowersUITests.debug.xcconfig"; sourceTree = "<group>"; };
		B2FBD7018C463148151943BB /* Pods_GHFollowersTests.framework */ = {isa = PBXFileReference; explicitFileType = wrapper.framework; includeInIndex = 0; path = Pods_GHFollowersTests.framework; sourceTree = BUILT_PRODUCTS_DIR; };
		CF99E6AABB1684EA3166E5A3 /* Pods-GHFollowers-GHFollowersUITests.release.xcconfig */ = {isa = PBXFileReference; includeInIndex = 1; lastKnownFileType = text.xcconfig; name = "Pods-GHFollowers-GHFollowersUITests.release.xcconfig"; path = "Target Support Files/Pods-GHFollowers-GHFollowersUITests/Pods-GHFollowers-GHFollowersUITests.release.xcconfig"; sourceTree = "<group>"; };
		DBFD7C718E871873E4363C2F /* Pods-GHFollowersTests.release.xcconfig */ = {isa = PBXFileReference; includeInIndex = 1; lastKnownFileType = text.xcconfig; name = "Pods-GHFollowersTests.release.xcconfig"; path = "Target Support Files/Pods-GHFollowersTests/Pods-GHFollowersTests.release.xcconfig"; sourceTree = "<group>"; };
/* End PBXFileReference section */

/* Begin PBXFrameworksBuildPhase section */
		0ADEF83724BA5F5D00F8F46B /* Frameworks */ = {
			isa = PBXFrameworksBuildPhase;
			buildActionMask = 2147483647;
			files = (
				57CA957018007EDA3E5609CB /* Pods_GHFollowers.framework in Frameworks */,
			);
			runOnlyForDeploymentPostprocessing = 0;
		};
		0ADEF84D24BA5F6100F8F46B /* Frameworks */ = {
			isa = PBXFrameworksBuildPhase;
			buildActionMask = 2147483647;
			files = (
				91F6DB97519765BD92FB8378 /* Pods_GHFollowersTests.framework in Frameworks */,
			);
			runOnlyForDeploymentPostprocessing = 0;
		};
		0ADEF85824BA5F6100F8F46B /* Frameworks */ = {
			isa = PBXFrameworksBuildPhase;
			buildActionMask = 2147483647;
			files = (
				E9B4160A936FE0047BA5F406 /* Pods_GHFollowers_GHFollowersUITests.framework in Frameworks */,
			);
			runOnlyForDeploymentPostprocessing = 0;
		};
/* End PBXFrameworksBuildPhase section */

/* Begin PBXGroup section */
		0A068636252D07AA00F70298 /* Model */ = {
			isa = PBXGroup;
			children = (
				0A068637252D07D400F70298 /* Follower.swift */,
				0A068639252D0A5100F70298 /* User.swift */,
			);
			path = Model;
			sourceTree = "<group>";
		};
		0A0E3466252E18C800BFE21D /* Managers */ = {
			isa = PBXGroup;
			children = (
				0A0E3467252E18FA00BFE21D /* NetworkManager.swift */,
			);
			path = Managers;
			sourceTree = "<group>";
		};
		0A0E3469252E292800BFE21D /* Utilities */ = {
			isa = PBXGroup;
			children = (
				0A0E346A252E296100BFE21D /* ErrorMessage.swift */,
				0A4EF6D3257AD1E3009BBDE3 /* UIHelper.swift */,
			);
			path = Utilities;
			sourceTree = "<group>";
		};
		0A0E346C252F5E0200BFE21D /* Cells */ = {
			isa = PBXGroup;
			children = (
				0A0E346D252FF22200BFE21D /* FollowerCell.swift */,
			);
			path = Cells;
			sourceTree = "<group>";
		};
		0ADEF83124BA5F5D00F8F46B = {
			isa = PBXGroup;
			children = (
				0A3A80E224DB006700B9860B /* Default-568h@2x.png */,
				0ADEF83C24BA5F5D00F8F46B /* GHFollowers */,
				0ADEF85324BA5F6100F8F46B /* GHFollowersTests */,
				0ADEF85E24BA5F6100F8F46B /* GHFollowersUITests */,
				0ADEF83B24BA5F5D00F8F46B /* Products */,
				2FE60508CE24F0CA66065333 /* Frameworks */,
				4E4306226B30E7231085D078 /* Pods */,
			);
			sourceTree = "<group>";
		};
		0ADEF83B24BA5F5D00F8F46B /* Products */ = {
			isa = PBXGroup;
			children = (
				0ADEF83A24BA5F5D00F8F46B /* GHFollowers.app */,
				0ADEF85024BA5F6100F8F46B /* GHFollowersTests.xctest */,
				0ADEF85B24BA5F6100F8F46B /* GHFollowersUITests.xctest */,
			);
			name = Products;
			sourceTree = "<group>";
		};
		0ADEF83C24BA5F5D00F8F46B /* GHFollowers */ = {
			isa = PBXGroup;
			children = (
				0ADEF84B24BA5F6000F8F46B /* Info.plist */,
				0A0E3469252E292800BFE21D /* Utilities */,
				0A0E3466252E18C800BFE21D /* Managers */,
				0A068636252D07AA00F70298 /* Model */,
				0AF4031524F2053900422E74 /* Support */,
				0AF4031424F204C000422E74 /* Extensions */,
				0AF4031324F2044F00422E74 /* Custom Views */,
				0AF4031224F203E300422E74 /* Screens */,
			);
			path = GHFollowers;
			sourceTree = "<group>";
		};
		0ADEF85324BA5F6100F8F46B /* GHFollowersTests */ = {
			isa = PBXGroup;
			children = (
				0ADEF85424BA5F6100F8F46B /* GHFollowersTests.swift */,
				0ADEF85624BA5F6100F8F46B /* Info.plist */,
			);
			path = GHFollowersTests;
			sourceTree = "<group>";
		};
		0ADEF85E24BA5F6100F8F46B /* GHFollowersUITests */ = {
			isa = PBXGroup;
			children = (
				0ADEF85F24BA5F6100F8F46B /* GHFollowersUITests.swift */,
				0ADEF86124BA5F6100F8F46B /* Info.plist */,
			);
			path = GHFollowersUITests;
			sourceTree = "<group>";
		};
		0AF4031224F203E300422E74 /* Screens */ = {
			isa = PBXGroup;
			children = (
				0ADEF86F24BA68D900F8F46B /* FavoritesListVC.swift */,
				0A4B67E224C7FCC500BAD86A /* FollowerListVC.swift */,
				0ADEF86D24BA687200F8F46B /* SearchVC.swift */,
			);
			path = Screens;
			sourceTree = "<group>";
		};
		0AF4031324F2044F00422E74 /* Custom Views */ = {
			isa = PBXGroup;
			children = (
				0A0E346C252F5E0200BFE21D /* Cells */,
				0AAA224F24BE965800023B66 /* GFButton.swift */,
				0AAA225124BE9AD000023B66 /* GFTextField.swift */,
				0ABDCF0224CD17D500078C1C /* GFTextLabel.swift */,
				0ABDCF0624CD1B4900078C1C /* GFAlertVC.swift */,
				0ABDCF0424CD19F400078C1C /* GFBodyLabel.swift */,
				0A0E346F252FF37E00BFE21D /* GFAvatarImageView.swift */,
			);
			path = "Custom Views";
			sourceTree = "<group>";
		};
		0AF4031424F204C000422E74 /* Extensions */ = {
			isa = PBXGroup;
			children = (
				0ABDCF0824CD291200078C1C /* UIViewController+Ext.swift */,
			);
			path = Extensions;
			sourceTree = "<group>";
		};
		0AF4031524F2053900422E74 /* Support */ = {
			isa = PBXGroup;
			children = (
				0ADEF83D24BA5F5D00F8F46B /* AppDelegate.swift */,
				0ADEF83F24BA5F5D00F8F46B /* SceneDelegate.swift */,
				0ADEF84624BA5F6000F8F46B /* Assets.xcassets */,
				0ADEF84824BA5F6000F8F46B /* LaunchScreen.storyboard */,
			);
			path = Support;
			sourceTree = "<group>";
		};
		2FE60508CE24F0CA66065333 /* Frameworks */ = {
			isa = PBXGroup;
			children = (
				4D5B98E23124881A54DA94BE /* Pods_GHFollowers.framework */,
				2E211F0F5B6ED18D44056F0C /* Pods_GHFollowers_GHFollowersUITests.framework */,
				B2FBD7018C463148151943BB /* Pods_GHFollowersTests.framework */,
			);
			name = Frameworks;
			sourceTree = "<group>";
		};
		4E4306226B30E7231085D078 /* Pods */ = {
			isa = PBXGroup;
			children = (
				281F0DB3104FF7938C204E0F /* Pods-GHFollowers.debug.xcconfig */,
				05E204E4F2CE5E4FD5A54505 /* Pods-GHFollowers.release.xcconfig */,
				839C8A4D13F4FD96E50BA333 /* Pods-GHFollowers-GHFollowersUITests.debug.xcconfig */,
				CF99E6AABB1684EA3166E5A3 /* Pods-GHFollowers-GHFollowersUITests.release.xcconfig */,
				2BCA38F256CEB2CDF7D2ACB2 /* Pods-GHFollowersTests.debug.xcconfig */,
				DBFD7C718E871873E4363C2F /* Pods-GHFollowersTests.release.xcconfig */,
			);
			path = Pods;
			sourceTree = "<group>";
		};
/* End PBXGroup section */

/* Begin PBXNativeTarget section */
		0ADEF83924BA5F5D00F8F46B /* GHFollowers */ = {
			isa = PBXNativeTarget;
			buildConfigurationList = 0ADEF86424BA5F6100F8F46B /* Build configuration list for PBXNativeTarget "GHFollowers" */;
			buildPhases = (
				1A6731616DAD9FB639980176 /* [CP] Check Pods Manifest.lock */,
				0ADEF83624BA5F5D00F8F46B /* Sources */,
				0ADEF83724BA5F5D00F8F46B /* Frameworks */,
				0ADEF83824BA5F5D00F8F46B /* Resources */,
			);
			buildRules = (
			);
			dependencies = (
			);
			name = GHFollowers;
			productName = GHFollowers;
			productReference = 0ADEF83A24BA5F5D00F8F46B /* GHFollowers.app */;
			productType = "com.apple.product-type.application";
		};
		0ADEF84F24BA5F6100F8F46B /* GHFollowersTests */ = {
			isa = PBXNativeTarget;
			buildConfigurationList = 0ADEF86724BA5F6100F8F46B /* Build configuration list for PBXNativeTarget "GHFollowersTests" */;
			buildPhases = (
				26B0448149A6D4DDED4DCD94 /* [CP] Check Pods Manifest.lock */,
				0ADEF84C24BA5F6100F8F46B /* Sources */,
				0ADEF84D24BA5F6100F8F46B /* Frameworks */,
				0ADEF84E24BA5F6100F8F46B /* Resources */,
			);
			buildRules = (
			);
			dependencies = (
				0ADEF85224BA5F6100F8F46B /* PBXTargetDependency */,
			);
			name = GHFollowersTests;
			productName = GHFollowersTests;
			productReference = 0ADEF85024BA5F6100F8F46B /* GHFollowersTests.xctest */;
			productType = "com.apple.product-type.bundle.unit-test";
		};
		0ADEF85A24BA5F6100F8F46B /* GHFollowersUITests */ = {
			isa = PBXNativeTarget;
			buildConfigurationList = 0ADEF86A24BA5F6100F8F46B /* Build configuration list for PBXNativeTarget "GHFollowersUITests" */;
			buildPhases = (
				85EF6132580B473F5198FBC9 /* [CP] Check Pods Manifest.lock */,
				0ADEF85724BA5F6100F8F46B /* Sources */,
				0ADEF85824BA5F6100F8F46B /* Frameworks */,
				0ADEF85924BA5F6100F8F46B /* Resources */,
			);
			buildRules = (
			);
			dependencies = (
				0ADEF85D24BA5F6100F8F46B /* PBXTargetDependency */,
			);
			name = GHFollowersUITests;
			productName = GHFollowersUITests;
			productReference = 0ADEF85B24BA5F6100F8F46B /* GHFollowersUITests.xctest */;
			productType = "com.apple.product-type.bundle.ui-testing";
		};
/* End PBXNativeTarget section */

/* Begin PBXProject section */
		0ADEF83224BA5F5D00F8F46B /* Project object */ = {
			isa = PBXProject;
			attributes = {
				LastSwiftUpdateCheck = 1150;
				LastUpgradeCheck = 1150;
				ORGANIZATIONNAME = "Luan Fagundes";
				TargetAttributes = {
					0ADEF83924BA5F5D00F8F46B = {
						CreatedOnToolsVersion = 11.5;
					};
					0ADEF84F24BA5F6100F8F46B = {
						CreatedOnToolsVersion = 11.5;
						TestTargetID = 0ADEF83924BA5F5D00F8F46B;
					};
					0ADEF85A24BA5F6100F8F46B = {
						CreatedOnToolsVersion = 11.5;
						TestTargetID = 0ADEF83924BA5F5D00F8F46B;
					};
				};
			};
			buildConfigurationList = 0ADEF83524BA5F5D00F8F46B /* Build configuration list for PBXProject "GHFollowers" */;
			compatibilityVersion = "Xcode 9.3";
			developmentRegion = en;
			hasScannedForEncodings = 0;
			knownRegions = (
				en,
				Base,
			);
			mainGroup = 0ADEF83124BA5F5D00F8F46B;
			productRefGroup = 0ADEF83B24BA5F5D00F8F46B /* Products */;
			projectDirPath = "";
			projectRoot = "";
			targets = (
				0ADEF83924BA5F5D00F8F46B /* GHFollowers */,
				0ADEF84F24BA5F6100F8F46B /* GHFollowersTests */,
				0ADEF85A24BA5F6100F8F46B /* GHFollowersUITests */,
			);
		};
/* End PBXProject section */

/* Begin PBXResourcesBuildPhase section */
		0ADEF83824BA5F5D00F8F46B /* Resources */ = {
			isa = PBXResourcesBuildPhase;
			buildActionMask = 2147483647;
			files = (
				0ADEF84A24BA5F6000F8F46B /* LaunchScreen.storyboard in Resources */,
				0ADEF84724BA5F6000F8F46B /* Assets.xcassets in Resources */,
				0A3A80E324DB006700B9860B /* Default-568h@2x.png in Resources */,
			);
			runOnlyForDeploymentPostprocessing = 0;
		};
		0ADEF84E24BA5F6100F8F46B /* Resources */ = {
			isa = PBXResourcesBuildPhase;
			buildActionMask = 2147483647;
			files = (
			);
			runOnlyForDeploymentPostprocessing = 0;
		};
		0ADEF85924BA5F6100F8F46B /* Resources */ = {
			isa = PBXResourcesBuildPhase;
			buildActionMask = 2147483647;
			files = (
			);
			runOnlyForDeploymentPostprocessing = 0;
		};
/* End PBXResourcesBuildPhase section */

/* Begin PBXShellScriptBuildPhase section */
		1A6731616DAD9FB639980176 /* [CP] Check Pods Manifest.lock */ = {
			isa = PBXShellScriptBuildPhase;
			buildActionMask = 2147483647;
			files = (
			);
			inputFileListPaths = (
			);
			inputPaths = (
				"${PODS_PODFILE_DIR_PATH}/Podfile.lock",
				"${PODS_ROOT}/Manifest.lock",
			);
			name = "[CP] Check Pods Manifest.lock";
			outputFileListPaths = (
			);
			outputPaths = (
				"$(DERIVED_FILE_DIR)/Pods-GHFollowers-checkManifestLockResult.txt",
			);
			runOnlyForDeploymentPostprocessing = 0;
			shellPath = /bin/sh;
			shellScript = "diff \"${PODS_PODFILE_DIR_PATH}/Podfile.lock\" \"${PODS_ROOT}/Manifest.lock\" > /dev/null\nif [ $? != 0 ] ; then\n    # print error to STDERR\n    echo \"error: The sandbox is not in sync with the Podfile.lock. Run 'pod install' or update your CocoaPods installation.\" >&2\n    exit 1\nfi\n# This output is used by Xcode 'outputs' to avoid re-running this script phase.\necho \"SUCCESS\" > \"${SCRIPT_OUTPUT_FILE_0}\"\n";
			showEnvVarsInLog = 0;
		};
		26B0448149A6D4DDED4DCD94 /* [CP] Check Pods Manifest.lock */ = {
			isa = PBXShellScriptBuildPhase;
			buildActionMask = 2147483647;
			files = (
			);
			inputFileListPaths = (
			);
			inputPaths = (
				"${PODS_PODFILE_DIR_PATH}/Podfile.lock",
				"${PODS_ROOT}/Manifest.lock",
			);
			name = "[CP] Check Pods Manifest.lock";
			outputFileListPaths = (
			);
			outputPaths = (
				"$(DERIVED_FILE_DIR)/Pods-GHFollowersTests-checkManifestLockResult.txt",
			);
			runOnlyForDeploymentPostprocessing = 0;
			shellPath = /bin/sh;
			shellScript = "diff \"${PODS_PODFILE_DIR_PATH}/Podfile.lock\" \"${PODS_ROOT}/Manifest.lock\" > /dev/null\nif [ $? != 0 ] ; then\n    # print error to STDERR\n    echo \"error: The sandbox is not in sync with the Podfile.lock. Run 'pod install' or update your CocoaPods installation.\" >&2\n    exit 1\nfi\n# This output is used by Xcode 'outputs' to avoid re-running this script phase.\necho \"SUCCESS\" > \"${SCRIPT_OUTPUT_FILE_0}\"\n";
			showEnvVarsInLog = 0;
		};
		85EF6132580B473F5198FBC9 /* [CP] Check Pods Manifest.lock */ = {
			isa = PBXShellScriptBuildPhase;
			buildActionMask = 2147483647;
			files = (
			);
			inputFileListPaths = (
			);
			inputPaths = (
				"${PODS_PODFILE_DIR_PATH}/Podfile.lock",
				"${PODS_ROOT}/Manifest.lock",
			);
			name = "[CP] Check Pods Manifest.lock";
			outputFileListPaths = (
			);
			outputPaths = (
				"$(DERIVED_FILE_DIR)/Pods-GHFollowers-GHFollowersUITests-checkManifestLockResult.txt",
			);
			runOnlyForDeploymentPostprocessing = 0;
			shellPath = /bin/sh;
			shellScript = "diff \"${PODS_PODFILE_DIR_PATH}/Podfile.lock\" \"${PODS_ROOT}/Manifest.lock\" > /dev/null\nif [ $? != 0 ] ; then\n    # print error to STDERR\n    echo \"error: The sandbox is not in sync with the Podfile.lock. Run 'pod install' or update your CocoaPods installation.\" >&2\n    exit 1\nfi\n# This output is used by Xcode 'outputs' to avoid re-running this script phase.\necho \"SUCCESS\" > \"${SCRIPT_OUTPUT_FILE_0}\"\n";
			showEnvVarsInLog = 0;
		};
/* End PBXShellScriptBuildPhase section */

/* Begin PBXSourcesBuildPhase section */
		0ADEF83624BA5F5D00F8F46B /* Sources */ = {
			isa = PBXSourcesBuildPhase;
			buildActionMask = 2147483647;
			files = (
				0A06863A252D0A5100F70298 /* User.swift in Sources */,
				0AAA225224BE9AD000023B66 /* GFTextField.swift in Sources */,
				0ADEF87024BA68D900F8F46B /* FavoritesListVC.swift in Sources */,
				0AAA225024BE965800023B66 /* GFButton.swift in Sources */,
				0ABDCF0924CD291200078C1C /* UIViewController+Ext.swift in Sources */,
				0A4EF6D4257AD1E3009BBDE3 /* UIHelper.swift in Sources */,
				0A0E3470252FF37E00BFE21D /* GFAvatarImageView.swift in Sources */,
				0ADEF86E24BA687200F8F46B /* SearchVC.swift in Sources */,
				0ABDCF0724CD1B4900078C1C /* GFAlertVC.swift in Sources */,
				0A0E346E252FF22200BFE21D /* FollowerCell.swift in Sources */,
				0A0E346B252E296100BFE21D /* ErrorMessage.swift in Sources */,
				0ABDCF0524CD19F400078C1C /* GFBodyLabel.swift in Sources */,
				0A068638252D07D400F70298 /* Follower.swift in Sources */,
				0A4B67E324C7FCC500BAD86A /* FollowerListVC.swift in Sources */,
				0A0E3468252E18FA00BFE21D /* NetworkManager.swift in Sources */,
				0ADEF83E24BA5F5D00F8F46B /* AppDelegate.swift in Sources */,
				0ABDCF0324CD17D500078C1C /* GFTextLabel.swift in Sources */,
				0ADEF84024BA5F5D00F8F46B /* SceneDelegate.swift in Sources */,
			);
			runOnlyForDeploymentPostprocessing = 0;
		};
		0ADEF84C24BA5F6100F8F46B /* Sources */ = {
			isa = PBXSourcesBuildPhase;
			buildActionMask = 2147483647;
			files = (
				0ADEF85524BA5F6100F8F46B /* GHFollowersTests.swift in Sources */,
			);
			runOnlyForDeploymentPostprocessing = 0;
		};
		0ADEF85724BA5F6100F8F46B /* Sources */ = {
			isa = PBXSourcesBuildPhase;
			buildActionMask = 2147483647;
			files = (
				0ADEF86024BA5F6100F8F46B /* GHFollowersUITests.swift in Sources */,
			);
			runOnlyForDeploymentPostprocessing = 0;
		};
/* End PBXSourcesBuildPhase section */

/* Begin PBXTargetDependency section */
		0ADEF85224BA5F6100F8F46B /* PBXTargetDependency */ = {
			isa = PBXTargetDependency;
			target = 0ADEF83924BA5F5D00F8F46B /* GHFollowers */;
			targetProxy = 0ADEF85124BA5F6100F8F46B /* PBXContainerItemProxy */;
		};
		0ADEF85D24BA5F6100F8F46B /* PBXTargetDependency */ = {
			isa = PBXTargetDependency;
			target = 0ADEF83924BA5F5D00F8F46B /* GHFollowers */;
			targetProxy = 0ADEF85C24BA5F6100F8F46B /* PBXContainerItemProxy */;
		};
/* End PBXTargetDependency section */

/* Begin PBXVariantGroup section */
		0ADEF84824BA5F6000F8F46B /* LaunchScreen.storyboard */ = {
			isa = PBXVariantGroup;
			children = (
				0ADEF84924BA5F6000F8F46B /* Base */,
			);
			name = LaunchScreen.storyboard;
			sourceTree = "<group>";
		};
/* End PBXVariantGroup section */

/* Begin XCBuildConfiguration section */
		0ADEF86224BA5F6100F8F46B /* Debug */ = {
			isa = XCBuildConfiguration;
			buildSettings = {
				ALWAYS_SEARCH_USER_PATHS = NO;
				CLANG_ANALYZER_NONNULL = YES;
				CLANG_ANALYZER_NUMBER_OBJECT_CONVERSION = YES_AGGRESSIVE;
				CLANG_CXX_LANGUAGE_STANDARD = "gnu++14";
				CLANG_CXX_LIBRARY = "libc++";
				CLANG_ENABLE_MODULES = YES;
				CLANG_ENABLE_OBJC_ARC = YES;
				CLANG_ENABLE_OBJC_WEAK = YES;
				CLANG_WARN_BLOCK_CAPTURE_AUTORELEASING = YES;
				CLANG_WARN_BOOL_CONVERSION = YES;
				CLANG_WARN_COMMA = YES;
				CLANG_WARN_CONSTANT_CONVERSION = YES;
				CLANG_WARN_DEPRECATED_OBJC_IMPLEMENTATIONS = YES;
				CLANG_WARN_DIRECT_OBJC_ISA_USAGE = YES_ERROR;
				CLANG_WARN_DOCUMENTATION_COMMENTS = YES;
				CLANG_WARN_EMPTY_BODY = YES;
				CLANG_WARN_ENUM_CONVERSION = YES;
				CLANG_WARN_INFINITE_RECURSION = YES;
				CLANG_WARN_INT_CONVERSION = YES;
				CLANG_WARN_NON_LITERAL_NULL_CONVERSION = YES;
				CLANG_WARN_OBJC_IMPLICIT_RETAIN_SELF = YES;
				CLANG_WARN_OBJC_LITERAL_CONVERSION = YES;
				CLANG_WARN_OBJC_ROOT_CLASS = YES_ERROR;
				CLANG_WARN_RANGE_LOOP_ANALYSIS = YES;
				CLANG_WARN_STRICT_PROTOTYPES = YES;
				CLANG_WARN_SUSPICIOUS_MOVE = YES;
				CLANG_WARN_UNGUARDED_AVAILABILITY = YES_AGGRESSIVE;
				CLANG_WARN_UNREACHABLE_CODE = YES;
				CLANG_WARN__DUPLICATE_METHOD_MATCH = YES;
				COPY_PHASE_STRIP = NO;
				DEBUG_INFORMATION_FORMAT = dwarf;
				ENABLE_STRICT_OBJC_MSGSEND = YES;
				ENABLE_TESTABILITY = YES;
				GCC_C_LANGUAGE_STANDARD = gnu11;
				GCC_DYNAMIC_NO_PIC = NO;
				GCC_NO_COMMON_BLOCKS = YES;
				GCC_OPTIMIZATION_LEVEL = 0;
				GCC_PREPROCESSOR_DEFINITIONS = (
					"DEBUG=1",
					"$(inherited)",
				);
				GCC_WARN_64_TO_32_BIT_CONVERSION = YES;
				GCC_WARN_ABOUT_RETURN_TYPE = YES_ERROR;
				GCC_WARN_UNDECLARED_SELECTOR = YES;
				GCC_WARN_UNINITIALIZED_AUTOS = YES_AGGRESSIVE;
				GCC_WARN_UNUSED_FUNCTION = YES;
				GCC_WARN_UNUSED_VARIABLE = YES;
				IPHONEOS_DEPLOYMENT_TARGET = 13.5;
				MTL_ENABLE_DEBUG_INFO = INCLUDE_SOURCE;
				MTL_FAST_MATH = YES;
				ONLY_ACTIVE_ARCH = YES;
				SDKROOT = iphoneos;
				SWIFT_ACTIVE_COMPILATION_CONDITIONS = DEBUG;
				SWIFT_OPTIMIZATION_LEVEL = "-Onone";
			};
			name = Debug;
		};
		0ADEF86324BA5F6100F8F46B /* Release */ = {
			isa = XCBuildConfiguration;
			buildSettings = {
				ALWAYS_SEARCH_USER_PATHS = NO;
				CLANG_ANALYZER_NONNULL = YES;
				CLANG_ANALYZER_NUMBER_OBJECT_CONVERSION = YES_AGGRESSIVE;
				CLANG_CXX_LANGUAGE_STANDARD = "gnu++14";
				CLANG_CXX_LIBRARY = "libc++";
				CLANG_ENABLE_MODULES = YES;
				CLANG_ENABLE_OBJC_ARC = YES;
				CLANG_ENABLE_OBJC_WEAK = YES;
				CLANG_WARN_BLOCK_CAPTURE_AUTORELEASING = YES;
				CLANG_WARN_BOOL_CONVERSION = YES;
				CLANG_WARN_COMMA = YES;
				CLANG_WARN_CONSTANT_CONVERSION = YES;
				CLANG_WARN_DEPRECATED_OBJC_IMPLEMENTATIONS = YES;
				CLANG_WARN_DIRECT_OBJC_ISA_USAGE = YES_ERROR;
				CLANG_WARN_DOCUMENTATION_COMMENTS = YES;
				CLANG_WARN_EMPTY_BODY = YES;
				CLANG_WARN_ENUM_CONVERSION = YES;
				CLANG_WARN_INFINITE_RECURSION = YES;
				CLANG_WARN_INT_CONVERSION = YES;
				CLANG_WARN_NON_LITERAL_NULL_CONVERSION = YES;
				CLANG_WARN_OBJC_IMPLICIT_RETAIN_SELF = YES;
				CLANG_WARN_OBJC_LITERAL_CONVERSION = YES;
				CLANG_WARN_OBJC_ROOT_CLASS = YES_ERROR;
				CLANG_WARN_RANGE_LOOP_ANALYSIS = YES;
				CLANG_WARN_STRICT_PROTOTYPES = YES;
				CLANG_WARN_SUSPICIOUS_MOVE = YES;
				CLANG_WARN_UNGUARDED_AVAILABILITY = YES_AGGRESSIVE;
				CLANG_WARN_UNREACHABLE_CODE = YES;
				CLANG_WARN__DUPLICATE_METHOD_MATCH = YES;
				COPY_PHASE_STRIP = NO;
				DEBUG_INFORMATION_FORMAT = "dwarf-with-dsym";
				ENABLE_NS_ASSERTIONS = NO;
				ENABLE_STRICT_OBJC_MSGSEND = YES;
				GCC_C_LANGUAGE_STANDARD = gnu11;
				GCC_NO_COMMON_BLOCKS = YES;
				GCC_WARN_64_TO_32_BIT_CONVERSION = YES;
				GCC_WARN_ABOUT_RETURN_TYPE = YES_ERROR;
				GCC_WARN_UNDECLARED_SELECTOR = YES;
				GCC_WARN_UNINITIALIZED_AUTOS = YES_AGGRESSIVE;
				GCC_WARN_UNUSED_FUNCTION = YES;
				GCC_WARN_UNUSED_VARIABLE = YES;
				IPHONEOS_DEPLOYMENT_TARGET = 13.5;
				MTL_ENABLE_DEBUG_INFO = NO;
				MTL_FAST_MATH = YES;
				SDKROOT = iphoneos;
				SWIFT_COMPILATION_MODE = wholemodule;
				SWIFT_OPTIMIZATION_LEVEL = "-O";
				VALIDATE_PRODUCT = YES;
			};
			name = Release;
		};
		0ADEF86524BA5F6100F8F46B /* Debug */ = {
			isa = XCBuildConfiguration;
			baseConfigurationReference = 281F0DB3104FF7938C204E0F /* Pods-GHFollowers.debug.xcconfig */;
			buildSettings = {
				ASSETCATALOG_COMPILER_APPICON_NAME = AppIcon;
				CODE_SIGN_STYLE = Automatic;
				INFOPLIST_FILE = GHFollowers/Info.plist;
				LD_RUNPATH_SEARCH_PATHS = (
					"$(inherited)",
					"@executable_path/Frameworks",
				);
				PRODUCT_BUNDLE_IDENTIFIER = com.GHFollowers;
				PRODUCT_NAME = "$(TARGET_NAME)";
				SWIFT_VERSION = 5.0;
				TARGETED_DEVICE_FAMILY = 1;
			};
			name = Debug;
		};
		0ADEF86624BA5F6100F8F46B /* Release */ = {
			isa = XCBuildConfiguration;
			baseConfigurationReference = 05E204E4F2CE5E4FD5A54505 /* Pods-GHFollowers.release.xcconfig */;
			buildSettings = {
				ASSETCATALOG_COMPILER_APPICON_NAME = AppIcon;
				CODE_SIGN_STYLE = Automatic;
				INFOPLIST_FILE = GHFollowers/Info.plist;
				LD_RUNPATH_SEARCH_PATHS = (
					"$(inherited)",
					"@executable_path/Frameworks",
				);
				PRODUCT_BUNDLE_IDENTIFIER = com.GHFollowers;
				PRODUCT_NAME = "$(TARGET_NAME)";
				SWIFT_VERSION = 5.0;
				TARGETED_DEVICE_FAMILY = 1;
			};
			name = Release;
		};
		0ADEF86824BA5F6100F8F46B /* Debug */ = {
			isa = XCBuildConfiguration;
			baseConfigurationReference = 2BCA38F256CEB2CDF7D2ACB2 /* Pods-GHFollowersTests.debug.xcconfig */;
			buildSettings = {
				ALWAYS_EMBED_SWIFT_STANDARD_LIBRARIES = YES;
				BUNDLE_LOADER = "$(TEST_HOST)";
				CODE_SIGN_STYLE = Automatic;
				INFOPLIST_FILE = GHFollowersTests/Info.plist;
				IPHONEOS_DEPLOYMENT_TARGET = 13.5;
				LD_RUNPATH_SEARCH_PATHS = (
					"$(inherited)",
					"@executable_path/Frameworks",
					"@loader_path/Frameworks",
				);
				PRODUCT_BUNDLE_IDENTIFIER = com.GHFollowersTests;
				PRODUCT_NAME = "$(TARGET_NAME)";
				SWIFT_VERSION = 5.0;
				TARGETED_DEVICE_FAMILY = "1,2";
				TEST_HOST = "$(BUILT_PRODUCTS_DIR)/GHFollowers.app/GHFollowers";
			};
			name = Debug;
		};
		0ADEF86924BA5F6100F8F46B /* Release */ = {
			isa = XCBuildConfiguration;
			baseConfigurationReference = DBFD7C718E871873E4363C2F /* Pods-GHFollowersTests.release.xcconfig */;
			buildSettings = {
				ALWAYS_EMBED_SWIFT_STANDARD_LIBRARIES = YES;
				BUNDLE_LOADER = "$(TEST_HOST)";
				CODE_SIGN_STYLE = Automatic;
				INFOPLIST_FILE = GHFollowersTests/Info.plist;
				IPHONEOS_DEPLOYMENT_TARGET = 13.5;
				LD_RUNPATH_SEARCH_PATHS = (
					"$(inherited)",
					"@executable_path/Frameworks",
					"@loader_path/Frameworks",
				);
				PRODUCT_BUNDLE_IDENTIFIER = com.GHFollowersTests;
				PRODUCT_NAME = "$(TARGET_NAME)";
				SWIFT_VERSION = 5.0;
				TARGETED_DEVICE_FAMILY = "1,2";
				TEST_HOST = "$(BUILT_PRODUCTS_DIR)/GHFollowers.app/GHFollowers";
			};
			name = Release;
		};
		0ADEF86B24BA5F6100F8F46B /* Debug */ = {
			isa = XCBuildConfiguration;
			baseConfigurationReference = 839C8A4D13F4FD96E50BA333 /* Pods-GHFollowers-GHFollowersUITests.debug.xcconfig */;
			buildSettings = {
				ALWAYS_EMBED_SWIFT_STANDARD_LIBRARIES = YES;
				CODE_SIGN_STYLE = Automatic;
				INFOPLIST_FILE = GHFollowersUITests/Info.plist;
				LD_RUNPATH_SEARCH_PATHS = (
					"$(inherited)",
					"@executable_path/Frameworks",
					"@loader_path/Frameworks",
				);
				PRODUCT_BUNDLE_IDENTIFIER = com.GHFollowersUITests;
				PRODUCT_NAME = "$(TARGET_NAME)";
				SWIFT_VERSION = 5.0;
				TARGETED_DEVICE_FAMILY = "1,2";
				TEST_TARGET_NAME = GHFollowers;
			};
			name = Debug;
		};
		0ADEF86C24BA5F6100F8F46B /* Release */ = {
			isa = XCBuildConfiguration;
			baseConfigurationReference = CF99E6AABB1684EA3166E5A3 /* Pods-GHFollowers-GHFollowersUITests.release.xcconfig */;
			buildSettings = {
				ALWAYS_EMBED_SWIFT_STANDARD_LIBRARIES = YES;
				CODE_SIGN_STYLE = Automatic;
				INFOPLIST_FILE = GHFollowersUITests/Info.plist;
				LD_RUNPATH_SEARCH_PATHS = (
					"$(inherited)",
					"@executable_path/Frameworks",
					"@loader_path/Frameworks",
				);
				PRODUCT_BUNDLE_IDENTIFIER = com.GHFollowersUITests;
				PRODUCT_NAME = "$(TARGET_NAME)";
				SWIFT_VERSION = 5.0;
				TARGETED_DEVICE_FAMILY = "1,2";
				TEST_TARGET_NAME = GHFollowers;
			};
			name = Release;
		};
/* End XCBuildConfiguration section */

/* Begin XCConfigurationList section */
		0ADEF83524BA5F5D00F8F46B /* Build configuration list for PBXProject "GHFollowers" */ = {
			isa = XCConfigurationList;
			buildConfigurations = (
				0ADEF86224BA5F6100F8F46B /* Debug */,
				0ADEF86324BA5F6100F8F46B /* Release */,
			);
			defaultConfigurationIsVisible = 0;
			defaultConfigurationName = Release;
		};
		0ADEF86424BA5F6100F8F46B /* Build configuration list for PBXNativeTarget "GHFollowers" */ = {
			isa = XCConfigurationList;
			buildConfigurations = (
				0ADEF86524BA5F6100F8F46B /* Debug */,
				0ADEF86624BA5F6100F8F46B /* Release */,
			);
			defaultConfigurationIsVisible = 0;
			defaultConfigurationName = Release;
		};
		0ADEF86724BA5F6100F8F46B /* Build configuration list for PBXNativeTarget "GHFollowersTests" */ = {
			isa = XCConfigurationList;
			buildConfigurations = (
				0ADEF86824BA5F6100F8F46B /* Debug */,
				0ADEF86924BA5F6100F8F46B /* Release */,
			);
			defaultConfigurationIsVisible = 0;
			defaultConfigurationName = Release;
		};
		0ADEF86A24BA5F6100F8F46B /* Build configuration list for PBXNativeTarget "GHFollowersUITests" */ = {
			isa = XCConfigurationList;
			buildConfigurations = (
				0ADEF86B24BA5F6100F8F46B /* Debug */,
				0ADEF86C24BA5F6100F8F46B /* Release */,
			);
			defaultConfigurationIsVisible = 0;
			defaultConfigurationName = Release;
		};
/* End XCConfigurationList section */
	};
	rootObject = 0ADEF83224BA5F5D00F8F46B /* Project object */;
}
